
Microsoft Visual Studio Solution File, Format Version 12.00
# Visual Studio Version 16
VisualStudioVersion = 16.0.30717.126
MinimumVisualStudioVersion = 10.0.40219.1
Project("{FAE04EC0-301F-11D3-BF4B-00C04F79EFBC}") = "GameOfRevenge.SocketServer", "GameOfRevenge.SocketServer\GameOfRevenge.SocketServer.csproj", "{48D376D8-31DC-4C0F-B4D4-7DD1A4A4978B}"
EndProject
Project("{2150E333-8FDC-42A3-9474-1A3956D46DE8}") = "Server", "Server", "{93FBF289-A6E8-4185-AB62-B4BB9491A6E6}"
EndProject
Project("{2150E333-8FDC-42A3-9474-1A3956D46DE8}") = "Core", "Core", "{E5B4FB78-6AD8-4EFC-BD4A-82C25FF16F11}"
EndProject
Project("{9A19103F-16F7-4668-BE54-9A1E7A4F7556}") = "GameOfRevenge.Common", "GameOfRevenge\GameOfRevenge.Common\GameOfRevenge.Common.csproj", "{B419737B-04FD-4DD9-85E8-1D58AFA7C73C}"
EndProject
Project("{9A19103F-16F7-4668-BE54-9A1E7A4F7556}") = "GameOfRevenge.Business", "GameOfRevenge\GameOfRevenge.Business\GameOfRevenge.Business.csproj", "{422BC36B-E2B4-4F70-8256-DD6EA0C5DED4}"
EndProject
Project("{FAE04EC0-301F-11D3-BF4B-00C04F79EFBC}") = "GameOfRevenge.WebServer", "GameOfRevenge.WebServer\GameOfRevenge.WebServer.csproj", "{3E904156-ADF9-4E39-B7A6-6D55340A2200}"
EndProject
Project("{FAE04EC0-301F-11D3-BF4B-00C04F79EFBC}") = "GameOfRevenge.WebServerTest", "GameOfRevenge.WebServerTest\GameOfRevenge.WebServerTest.csproj", "{07CB4892-BBA8-48C4-AFEB-B3FC4E1F3B0D}"
EndProject
Project("{2150E333-8FDC-42A3-9474-1A3956D46DE8}") = "Unity", "Unity", "{0B0C4FAA-EF34-42FD-8F58-476EDEC80413}"
EndProject
Global
	GlobalSection(SolutionConfigurationPlatforms) = preSolution
		Debug|Any CPU = Debug|Any CPU
		Release|Any CPU = Release|Any CPU
	EndGlobalSection
	GlobalSection(ProjectConfigurationPlatforms) = postSolution
		{48D376D8-31DC-4C0F-B4D4-7DD1A4A4978B}.Debug|Any CPU.ActiveCfg = Debug|Any CPU
		{48D376D8-31DC-4C0F-B4D4-7DD1A4A4978B}.Debug|Any CPU.Build.0 = Debug|Any CPU
		{48D376D8-31DC-4C0F-B4D4-7DD1A4A4978B}.Release|Any CPU.ActiveCfg = Release|Any CPU
		{48D376D8-31DC-4C0F-B4D4-7DD1A4A4978B}.Release|Any CPU.Build.0 = Release|Any CPU
		{B419737B-04FD-4DD9-85E8-1D58AFA7C73C}.Debug|Any CPU.ActiveCfg = Debug|Any CPU
		{B419737B-04FD-4DD9-85E8-1D58AFA7C73C}.Debug|Any CPU.Build.0 = Debug|Any CPU
		{B419737B-04FD-4DD9-85E8-1D58AFA7C73C}.Release|Any CPU.ActiveCfg = Release|Any CPU
		{B419737B-04FD-4DD9-85E8-1D58AFA7C73C}.Release|Any CPU.Build.0 = Release|Any CPU
		{422BC36B-E2B4-4F70-8256-DD6EA0C5DED4}.Debug|Any CPU.ActiveCfg = Debug|Any CPU
		{422BC36B-E2B4-4F70-8256-DD6EA0C5DED4}.Debug|Any CPU.Build.0 = Debug|Any CPU
		{422BC36B-E2B4-4F70-8256-DD6EA0C5DED4}.Release|Any CPU.ActiveCfg = Release|Any CPU
		{422BC36B-E2B4-4F70-8256-DD6EA0C5DED4}.Release|Any CPU.Build.0 = Release|Any CPU
		{3E904156-ADF9-4E39-B7A6-6D55340A2200}.Debug|Any CPU.ActiveCfg = Debug|Any CPU
		{3E904156-ADF9-4E39-B7A6-6D55340A2200}.Debug|Any CPU.Build.0 = Debug|Any CPU
		{3E904156-ADF9-4E39-B7A6-6D55340A2200}.Release|Any CPU.ActiveCfg = Release|Any CPU
		{3E904156-ADF9-4E39-B7A6-6D55340A2200}.Release|Any CPU.Build.0 = Release|Any CPU
		{07CB4892-BBA8-48C4-AFEB-B3FC4E1F3B0D}.Debug|Any CPU.ActiveCfg = Debug|Any CPU
		{07CB4892-BBA8-48C4-AFEB-B3FC4E1F3B0D}.Debug|Any CPU.Build.0 = Debug|Any CPU
		{07CB4892-BBA8-48C4-AFEB-B3FC4E1F3B0D}.Release|Any CPU.ActiveCfg = Release|Any CPU
		{07CB4892-BBA8-48C4-AFEB-B3FC4E1F3B0D}.Release|Any CPU.Build.0 = Release|Any CPU
	EndGlobalSection
	GlobalSection(SolutionProperties) = preSolution
		HideSolutionNode = FALSE
	EndGlobalSection
	GlobalSection(NestedProjects) = preSolution
		{48D376D8-31DC-4C0F-B4D4-7DD1A4A4978B} = {93FBF289-A6E8-4185-AB62-B4BB9491A6E6}
		{B419737B-04FD-4DD9-85E8-1D58AFA7C73C} = {E5B4FB78-6AD8-4EFC-BD4A-82C25FF16F11}
		{422BC36B-E2B4-4F70-8256-DD6EA0C5DED4} = {E5B4FB78-6AD8-4EFC-BD4A-82C25FF16F11}
		{3E904156-ADF9-4E39-B7A6-6D55340A2200} = {93FBF289-A6E8-4185-AB62-B4BB9491A6E6}
		{07CB4892-BBA8-48C4-AFEB-B3FC4E1F3B0D} = {93FBF289-A6E8-4185-AB62-B4BB9491A6E6}
	EndGlobalSection
	GlobalSection(ExtensibilityGlobals) = postSolution
		SolutionGuid = {6F57F825-5759-49A4-B66E-61C9BC12757B}
	EndGlobalSection
EndGlobal
